
Microsoft Visual Studio Solution File, Format Version 12.00
# Visual Studio Version 17
VisualStudioVersion = 17.11.35327.3
MinimumVisualStudioVersion = 10.0.40219.1
Project("{FAE04EC0-301F-11D3-BF4B-00C04F79EFBC}") = "JogoGourmet.Domain", "src\JogoGourmet.Domain\JogoGourmet.Domain.csproj", "{EFE3B6DD-13FD-46BB-B51B-B3C437EAB2BB}"
EndProject
Project("{FAE04EC0-301F-11D3-BF4B-00C04F79EFBC}") = "JogoGourmet.Persistence", "src\JogoGourmet.Persistence\JogoGourmet.Persistence.csproj", "{9E6A8E16-E3DA-47F5-A544-B2BE4C3A096D}"
EndProject
Project("{FAE04EC0-301F-11D3-BF4B-00C04F79EFBC}") = "JogoGourmet.UI", "src\JogoGourmet.UI\JogoGourmet.UI.csproj", "{02842A52-53E4-45FB-85D0-F78970643FC7}"
EndProject
Global
	GlobalSection(SolutionConfigurationPlatforms) = preSolution
		Debug|Any CPU = Debug|Any CPU
		Release|Any CPU = Release|Any CPU
	EndGlobalSection
	GlobalSection(ProjectConfigurationPlatforms) = postSolution
		{EFE3B6DD-13FD-46BB-B51B-B3C437EAB2BB}.Debug|Any CPU.ActiveCfg = Debug|Any CPU
		{EFE3B6DD-13FD-46BB-B51B-B3C437EAB2BB}.Debug|Any CPU.Build.0 = Debug|Any CPU
		{EFE3B6DD-13FD-46BB-B51B-B3C437EAB2BB}.Release|Any CPU.ActiveCfg = Release|Any CPU
		{EFE3B6DD-13FD-46BB-B51B-B3C437EAB2BB}.Release|Any CPU.Build.0 = Release|Any CPU
		{9E6A8E16-E3DA-47F5-A544-B2BE4C3A096D}.Debug|Any CPU.ActiveCfg = Debug|Any CPU
		{9E6A8E16-E3DA-47F5-A544-B2BE4C3A096D}.Debug|Any CPU.Build.0 = Debug|Any CPU
		{9E6A8E16-E3DA-47F5-A544-B2BE4C3A096D}.Release|Any CPU.ActiveCfg = Release|Any CPU
		{9E6A8E16-E3DA-47F5-A544-B2BE4C3A096D}.Release|Any CPU.Build.0 = Release|Any CPU
		{02842A52-53E4-45FB-85D0-F78970643FC7}.Debug|Any CPU.ActiveCfg = Debug|Any CPU
		{02842A52-53E4-45FB-85D0-F78970643FC7}.Debug|Any CPU.Build.0 = Debug|Any CPU
		{02842A52-53E4-45FB-85D0-F78970643FC7}.Release|Any CPU.ActiveCfg = Release|Any CPU
		{02842A52-53E4-45FB-85D0-F78970643FC7}.Release|Any CPU.Build.0 = Release|Any CPU
	EndGlobalSection
	GlobalSection(SolutionProperties) = preSolution
		HideSolutionNode = FALSE
	EndGlobalSection
	GlobalSection(ExtensibilityGlobals) = postSolution
		SolutionGuid = {8475063E-5E96-4FD6-B08A-1F0E90A13E28}
	EndGlobalSection
EndGlobal
